// !$*UTF8*$!
{
	archiveVersion = 1;
	classes = {
	};
	objectVersion = 48;
	objects = {

/* Begin PBXBuildFile section */
		3B0084E720AD733500332E19 /* AuthViewController.swift in Sources */ = {isa = PBXBuildFile; fileRef = 3B0084E620AD733500332E19 /* AuthViewController.swift */; };
		3B0084E920AD793F00332E19 /* GoogleService-Info.plist in Resources */ = {isa = PBXBuildFile; fileRef = 3B0084E820AD793E00332E19 /* GoogleService-Info.plist */; };
		3B9747BF2099D522001E9799 /* Journal.swift in Sources */ = {isa = PBXBuildFile; fileRef = 3B9747BE2099D522001E9799 /* Journal.swift */; };
		3B9747C12099D667001E9799 /* JournalTableViewController.swift in Sources */ = {isa = PBXBuildFile; fileRef = 3B9747C02099D667001E9799 /* JournalTableViewController.swift */; };
		3B9747C32099D6A0001E9799 /* CreateViewController.swift in Sources */ = {isa = PBXBuildFile; fileRef = 3B9747C22099D6A0001E9799 /* CreateViewController.swift */; };
		3B9747C52099D6BB001E9799 /* JournalViewController.swift in Sources */ = {isa = PBXBuildFile; fileRef = 3B9747C42099D6BB001E9799 /* JournalViewController.swift */; };
		3B9747C72099D87E001E9799 /* JournalTableViewCell.swift in Sources */ = {isa = PBXBuildFile; fileRef = 3B9747C62099D87E001E9799 /* JournalTableViewCell.swift */; };
		3B9747C9209C0636001E9799 /* JournalImage.swift in Sources */ = {isa = PBXBuildFile; fileRef = 3B9747C8209C0636001E9799 /* JournalImage.swift */; };
		3BD5A5932096E8CF00CAD030 /* AppDelegate.swift in Sources */ = {isa = PBXBuildFile; fileRef = 3BD5A5922096E8CF00CAD030 /* AppDelegate.swift */; };
		3BD5A5982096E8CF00CAD030 /* Main.storyboard in Resources */ = {isa = PBXBuildFile; fileRef = 3BD5A5962096E8CF00CAD030 /* Main.storyboard */; };
		3BD5A59A2096E8CF00CAD030 /* Assets.xcassets in Resources */ = {isa = PBXBuildFile; fileRef = 3BD5A5992096E8CF00CAD030 /* Assets.xcassets */; };
		3BD5A59D2096E8CF00CAD030 /* LaunchScreen.storyboard in Resources */ = {isa = PBXBuildFile; fileRef = 3BD5A59B2096E8CF00CAD030 /* LaunchScreen.storyboard */; };
		3BD5A5A82096E8D000CAD030 /* PictoryTests.swift in Sources */ = {isa = PBXBuildFile; fileRef = 3BD5A5A72096E8D000CAD030 /* PictoryTests.swift */; };
		3BD5A5B32096E8D000CAD030 /* PictoryUITests.swift in Sources */ = {isa = PBXBuildFile; fileRef = 3BD5A5B22096E8D000CAD030 /* PictoryUITests.swift */; };
		3BFF1CF120BAB0D500054289 /* AboutPageViewController.swift in Sources */ = {isa = PBXBuildFile; fileRef = 3BFF1CF020BAB0D500054289 /* AboutPageViewController.swift */; };
		CA96DDFF8F849B77D978B349 /* Pods_PictoryTests.framework in Frameworks */ = {isa = PBXBuildFile; fileRef = 63E8A50DBCB12C2B0DC8E0B0 /* Pods_PictoryTests.framework */; };
		E45DF632A9783B955201C436 /* Pods_Pictory.framework in Frameworks */ = {isa = PBXBuildFile; fileRef = 8D11C3CE67F3304EC9370D35 /* Pods_Pictory.framework */; };
		F9AB47D4C4A20A859BE21FDB /* Pods_PictoryUITests.framework in Frameworks */ = {isa = PBXBuildFile; fileRef = 7D844798507FC604D12FA0AC /* Pods_PictoryUITests.framework */; };
/* End PBXBuildFile section */

/* Begin PBXContainerItemProxy section */
		3BD5A5A42096E8D000CAD030 /* PBXContainerItemProxy */ = {
			isa = PBXContainerItemProxy;
			containerPortal = 3BD5A5872096E8CF00CAD030 /* Project object */;
			proxyType = 1;
			remoteGlobalIDString = 3BD5A58E2096E8CF00CAD030;
			remoteInfo = Pictory;
		};
		3BD5A5AF2096E8D000CAD030 /* PBXContainerItemProxy */ = {
			isa = PBXContainerItemProxy;
			containerPortal = 3BD5A5872096E8CF00CAD030 /* Project object */;
			proxyType = 1;
			remoteGlobalIDString = 3BD5A58E2096E8CF00CAD030;
			remoteInfo = Pictory;
		};
/* End PBXContainerItemProxy section */

/* Begin PBXFileReference section */
		3B0084E620AD733500332E19 /* AuthViewController.swift */ = {isa = PBXFileReference; lastKnownFileType = sourcecode.swift; path = AuthViewController.swift; sourceTree = "<group>"; };
		3B0084E820AD793E00332E19 /* GoogleService-Info.plist */ = {isa = PBXFileReference; fileEncoding = 4; lastKnownFileType = text.plist.xml; path = "GoogleService-Info.plist"; sourceTree = "<group>"; };
		3B3C3C74DF6A942673EEEDCC /* Pods-Pictory.debug.xcconfig */ = {isa = PBXFileReference; includeInIndex = 1; lastKnownFileType = text.xcconfig; name = "Pods-Pictory.debug.xcconfig"; path = "Pods/Target Support Files/Pods-Pictory/Pods-Pictory.debug.xcconfig"; sourceTree = "<group>"; };
		3B9747BE2099D522001E9799 /* Journal.swift */ = {isa = PBXFileReference; lastKnownFileType = sourcecode.swift; path = Journal.swift; sourceTree = "<group>"; };
		3B9747C02099D667001E9799 /* JournalTableViewController.swift */ = {isa = PBXFileReference; lastKnownFileType = sourcecode.swift; path = JournalTableViewController.swift; sourceTree = "<group>"; };
		3B9747C22099D6A0001E9799 /* CreateViewController.swift */ = {isa = PBXFileReference; lastKnownFileType = sourcecode.swift; path = CreateViewController.swift; sourceTree = "<group>"; };
		3B9747C42099D6BB001E9799 /* JournalViewController.swift */ = {isa = PBXFileReference; lastKnownFileType = sourcecode.swift; path = JournalViewController.swift; sourceTree = "<group>"; };
		3B9747C62099D87E001E9799 /* JournalTableViewCell.swift */ = {isa = PBXFileReference; lastKnownFileType = sourcecode.swift; path = JournalTableViewCell.swift; sourceTree = "<group>"; };
		3B9747C8209C0636001E9799 /* JournalImage.swift */ = {isa = PBXFileReference; lastKnownFileType = sourcecode.swift; path = JournalImage.swift; sourceTree = "<group>"; };
		3BD5A58F2096E8CF00CAD030 /* Pictory.app */ = {isa = PBXFileReference; explicitFileType = wrapper.application; includeInIndex = 0; path = Pictory.app; sourceTree = BUILT_PRODUCTS_DIR; };
		3BD5A5922096E8CF00CAD030 /* AppDelegate.swift */ = {isa = PBXFileReference; lastKnownFileType = sourcecode.swift; path = AppDelegate.swift; sourceTree = "<group>"; };
		3BD5A5972096E8CF00CAD030 /* Base */ = {isa = PBXFileReference; lastKnownFileType = file.storyboard; name = Base; path = Base.lproj/Main.storyboard; sourceTree = "<group>"; };
		3BD5A5992096E8CF00CAD030 /* Assets.xcassets */ = {isa = PBXFileReference; lastKnownFileType = folder.assetcatalog; path = Assets.xcassets; sourceTree = "<group>"; };
		3BD5A59C2096E8CF00CAD030 /* Base */ = {isa = PBXFileReference; lastKnownFileType = file.storyboard; name = Base; path = Base.lproj/LaunchScreen.storyboard; sourceTree = "<group>"; };
		3BD5A59E2096E8CF00CAD030 /* Info.plist */ = {isa = PBXFileReference; lastKnownFileType = text.plist.xml; path = Info.plist; sourceTree = "<group>"; };
		3BD5A5A32096E8D000CAD030 /* PictoryTests.xctest */ = {isa = PBXFileReference; explicitFileType = wrapper.cfbundle; includeInIndex = 0; path = PictoryTests.xctest; sourceTree = BUILT_PRODUCTS_DIR; };
		3BD5A5A72096E8D000CAD030 /* PictoryTests.swift */ = {isa = PBXFileReference; lastKnownFileType = sourcecode.swift; path = PictoryTests.swift; sourceTree = "<group>"; };
		3BD5A5A92096E8D000CAD030 /* Info.plist */ = {isa = PBXFileReference; lastKnownFileType = text.plist.xml; path = Info.plist; sourceTree = "<group>"; };
		3BD5A5AE2096E8D000CAD030 /* PictoryUITests.xctest */ = {isa = PBXFileReference; explicitFileType = wrapper.cfbundle; includeInIndex = 0; path = PictoryUITests.xctest; sourceTree = BUILT_PRODUCTS_DIR; };
		3BD5A5B22096E8D000CAD030 /* PictoryUITests.swift */ = {isa = PBXFileReference; lastKnownFileType = sourcecode.swift; path = PictoryUITests.swift; sourceTree = "<group>"; };
		3BD5A5B42096E8D000CAD030 /* Info.plist */ = {isa = PBXFileReference; lastKnownFileType = text.plist.xml; path = Info.plist; sourceTree = "<group>"; };
		3BFF1CF020BAB0D500054289 /* AboutPageViewController.swift */ = {isa = PBXFileReference; lastKnownFileType = sourcecode.swift; path = AboutPageViewController.swift; sourceTree = "<group>"; };
		63E8A50DBCB12C2B0DC8E0B0 /* Pods_PictoryTests.framework */ = {isa = PBXFileReference; explicitFileType = wrapper.framework; includeInIndex = 0; path = Pods_PictoryTests.framework; sourceTree = BUILT_PRODUCTS_DIR; };
		7BF63C79BFF08691935A1247 /* Pods-PictoryTests.debug.xcconfig */ = {isa = PBXFileReference; includeInIndex = 1; lastKnownFileType = text.xcconfig; name = "Pods-PictoryTests.debug.xcconfig"; path = "Pods/Target Support Files/Pods-PictoryTests/Pods-PictoryTests.debug.xcconfig"; sourceTree = "<group>"; };
		7D844798507FC604D12FA0AC /* Pods_PictoryUITests.framework */ = {isa = PBXFileReference; explicitFileType = wrapper.framework; includeInIndex = 0; path = Pods_PictoryUITests.framework; sourceTree = BUILT_PRODUCTS_DIR; };
		8D11C3CE67F3304EC9370D35 /* Pods_Pictory.framework */ = {isa = PBXFileReference; explicitFileType = wrapper.framework; includeInIndex = 0; path = Pods_Pictory.framework; sourceTree = BUILT_PRODUCTS_DIR; };
		92B31C2E803CD36FBFBF83FF /* Pods-PictoryUITests.debug.xcconfig */ = {isa = PBXFileReference; includeInIndex = 1; lastKnownFileType = text.xcconfig; name = "Pods-PictoryUITests.debug.xcconfig"; path = "Pods/Target Support Files/Pods-PictoryUITests/Pods-PictoryUITests.debug.xcconfig"; sourceTree = "<group>"; };
		B36B29DC3B155ED3D989D480 /* Pods-Pictory.release.xcconfig */ = {isa = PBXFileReference; includeInIndex = 1; lastKnownFileType = text.xcconfig; name = "Pods-Pictory.release.xcconfig"; path = "Pods/Target Support Files/Pods-Pictory/Pods-Pictory.release.xcconfig"; sourceTree = "<group>"; };
		BDA1F9DE6A594EAA62DE8E93 /* Pods-PictoryTests.release.xcconfig */ = {isa = PBXFileReference; includeInIndex = 1; lastKnownFileType = text.xcconfig; name = "Pods-PictoryTests.release.xcconfig"; path = "Pods/Target Support Files/Pods-PictoryTests/Pods-PictoryTests.release.xcconfig"; sourceTree = "<group>"; };
		D2481B6C96AAA1EACA9346C9 /* Pods-PictoryUITests.release.xcconfig */ = {isa = PBXFileReference; includeInIndex = 1; lastKnownFileType = text.xcconfig; name = "Pods-PictoryUITests.release.xcconfig"; path = "Pods/Target Support Files/Pods-PictoryUITests/Pods-PictoryUITests.release.xcconfig"; sourceTree = "<group>"; };
/* End PBXFileReference section */

/* Begin PBXFrameworksBuildPhase section */
		3BD5A58C2096E8CF00CAD030 /* Frameworks */ = {
			isa = PBXFrameworksBuildPhase;
			buildActionMask = 2147483647;
			files = (
				E45DF632A9783B955201C436 /* Pods_Pictory.framework in Frameworks */,
			);
			runOnlyForDeploymentPostprocessing = 0;
		};
		3BD5A5A02096E8D000CAD030 /* Frameworks */ = {
			isa = PBXFrameworksBuildPhase;
			buildActionMask = 2147483647;
			files = (
				CA96DDFF8F849B77D978B349 /* Pods_PictoryTests.framework in Frameworks */,
			);
			runOnlyForDeploymentPostprocessing = 0;
		};
		3BD5A5AB2096E8D000CAD030 /* Frameworks */ = {
			isa = PBXFrameworksBuildPhase;
			buildActionMask = 2147483647;
			files = (
				F9AB47D4C4A20A859BE21FDB /* Pods_PictoryUITests.framework in Frameworks */,
			);
			runOnlyForDeploymentPostprocessing = 0;
		};
/* End PBXFrameworksBuildPhase section */

/* Begin PBXGroup section */
		099790D623BA4A6EAEDE144D /* Frameworks */ = {
			isa = PBXGroup;
			children = (
				8D11C3CE67F3304EC9370D35 /* Pods_Pictory.framework */,
				63E8A50DBCB12C2B0DC8E0B0 /* Pods_PictoryTests.framework */,
				7D844798507FC604D12FA0AC /* Pods_PictoryUITests.framework */,
			);
			name = Frameworks;
			sourceTree = "<group>";
		};
		3B9747BB209997E8001E9799 /* View */ = {
			isa = PBXGroup;
			children = (
				3B9747C62099D87E001E9799 /* JournalTableViewCell.swift */,
			);
			path = View;
			sourceTree = "<group>";
		};
		3B9747BC20999803001E9799 /* Controller */ = {
			isa = PBXGroup;
			children = (
				3B9747C02099D667001E9799 /* JournalTableViewController.swift */,
				3B9747C22099D6A0001E9799 /* CreateViewController.swift */,
				3B9747C42099D6BB001E9799 /* JournalViewController.swift */,
				3B0084E620AD733500332E19 /* AuthViewController.swift */,
				3BFF1CF020BAB0D500054289 /* AboutPageViewController.swift */,
			);
			path = Controller;
			sourceTree = "<group>";
		};
		3B9747BD2099980D001E9799 /* Object */ = {
			isa = PBXGroup;
			children = (
				3B9747BE2099D522001E9799 /* Journal.swift */,
				3B9747C8209C0636001E9799 /* JournalImage.swift */,
			);
			path = Object;
			sourceTree = "<group>";
		};
		3BD5A5862096E8CF00CAD030 = {
			isa = PBXGroup;
			children = (
				3BD5A5912096E8CF00CAD030 /* Pictory */,
				3BD5A5A62096E8D000CAD030 /* PictoryTests */,
				3BD5A5B12096E8D000CAD030 /* PictoryUITests */,
				3BD5A5902096E8CF00CAD030 /* Products */,
				ACD6386C7F78D19F152DB7DD /* Pods */,
				099790D623BA4A6EAEDE144D /* Frameworks */,
			);
			sourceTree = "<group>";
		};
		3BD5A5902096E8CF00CAD030 /* Products */ = {
			isa = PBXGroup;
			children = (
				3BD5A58F2096E8CF00CAD030 /* Pictory.app */,
				3BD5A5A32096E8D000CAD030 /* PictoryTests.xctest */,
				3BD5A5AE2096E8D000CAD030 /* PictoryUITests.xctest */,
			);
			name = Products;
			sourceTree = "<group>";
		};
		3BD5A5912096E8CF00CAD030 /* Pictory */ = {
			isa = PBXGroup;
			children = (
				3B9747BD2099980D001E9799 /* Object */,
				3B9747BC20999803001E9799 /* Controller */,
				3B9747BB209997E8001E9799 /* View */,
				3BD5A5922096E8CF00CAD030 /* AppDelegate.swift */,
				3BD5A5962096E8CF00CAD030 /* Main.storyboard */,
				3BD5A5992096E8CF00CAD030 /* Assets.xcassets */,
				3BD5A59B2096E8CF00CAD030 /* LaunchScreen.storyboard */,
				3B0084E820AD793E00332E19 /* GoogleService-Info.plist */,
				3BD5A59E2096E8CF00CAD030 /* Info.plist */,
			);
			path = Pictory;
			sourceTree = "<group>";
		};
		3BD5A5A62096E8D000CAD030 /* PictoryTests */ = {
			isa = PBXGroup;
			children = (
				3BD5A5A72096E8D000CAD030 /* PictoryTests.swift */,
				3BD5A5A92096E8D000CAD030 /* Info.plist */,
			);
			path = PictoryTests;
			sourceTree = "<group>";
		};
		3BD5A5B12096E8D000CAD030 /* PictoryUITests */ = {
			isa = PBXGroup;
			children = (
				3BD5A5B22096E8D000CAD030 /* PictoryUITests.swift */,
				3BD5A5B42096E8D000CAD030 /* Info.plist */,
			);
			path = PictoryUITests;
			sourceTree = "<group>";
		};
		ACD6386C7F78D19F152DB7DD /* Pods */ = {
			isa = PBXGroup;
			children = (
				3B3C3C74DF6A942673EEEDCC /* Pods-Pictory.debug.xcconfig */,
				B36B29DC3B155ED3D989D480 /* Pods-Pictory.release.xcconfig */,
				7BF63C79BFF08691935A1247 /* Pods-PictoryTests.debug.xcconfig */,
				BDA1F9DE6A594EAA62DE8E93 /* Pods-PictoryTests.release.xcconfig */,
				92B31C2E803CD36FBFBF83FF /* Pods-PictoryUITests.debug.xcconfig */,
				D2481B6C96AAA1EACA9346C9 /* Pods-PictoryUITests.release.xcconfig */,
			);
			name = Pods;
			sourceTree = "<group>";
		};
/* End PBXGroup section */

/* Begin PBXNativeTarget section */
		3BD5A58E2096E8CF00CAD030 /* Pictory */ = {
			isa = PBXNativeTarget;
			buildConfigurationList = 3BD5A5B72096E8D000CAD030 /* Build configuration list for PBXNativeTarget "Pictory" */;
			buildPhases = (
				59865583A3AE8C28C286D9CC /* [CP] Check Pods Manifest.lock */,
				3BD5A58B2096E8CF00CAD030 /* Sources */,
				3BD5A58C2096E8CF00CAD030 /* Frameworks */,
				3BD5A58D2096E8CF00CAD030 /* Resources */,
				02DEE2E377F9F3DA5BCC65F0 /* [CP] Embed Pods Frameworks */,
			);
			buildRules = (
			);
			dependencies = (
			);
			name = Pictory;
			productName = Pictory;
			productReference = 3BD5A58F2096E8CF00CAD030 /* Pictory.app */;
			productType = "com.apple.product-type.application";
		};
		3BD5A5A22096E8D000CAD030 /* PictoryTests */ = {
			isa = PBXNativeTarget;
			buildConfigurationList = 3BD5A5BA2096E8D000CAD030 /* Build configuration list for PBXNativeTarget "PictoryTests" */;
			buildPhases = (
				561B311257CA74BD720AD810 /* [CP] Check Pods Manifest.lock */,
				3BD5A59F2096E8D000CAD030 /* Sources */,
				3BD5A5A02096E8D000CAD030 /* Frameworks */,
				3BD5A5A12096E8D000CAD030 /* Resources */,
			);
			buildRules = (
			);
			dependencies = (
				3BD5A5A52096E8D000CAD030 /* PBXTargetDependency */,
			);
			name = PictoryTests;
			productName = PictoryTests;
			productReference = 3BD5A5A32096E8D000CAD030 /* PictoryTests.xctest */;
			productType = "com.apple.product-type.bundle.unit-test";
		};
		3BD5A5AD2096E8D000CAD030 /* PictoryUITests */ = {
			isa = PBXNativeTarget;
			buildConfigurationList = 3BD5A5BD2096E8D000CAD030 /* Build configuration list for PBXNativeTarget "PictoryUITests" */;
			buildPhases = (
				088C06B8C2E74222C3A8E6FB /* [CP] Check Pods Manifest.lock */,
				3BD5A5AA2096E8D000CAD030 /* Sources */,
				3BD5A5AB2096E8D000CAD030 /* Frameworks */,
				3BD5A5AC2096E8D000CAD030 /* Resources */,
			);
			buildRules = (
			);
			dependencies = (
				3BD5A5B02096E8D000CAD030 /* PBXTargetDependency */,
			);
			name = PictoryUITests;
			productName = PictoryUITests;
			productReference = 3BD5A5AE2096E8D000CAD030 /* PictoryUITests.xctest */;
			productType = "com.apple.product-type.bundle.ui-testing";
		};
/* End PBXNativeTarget section */

/* Begin PBXProject section */
		3BD5A5872096E8CF00CAD030 /* Project object */ = {
			isa = PBXProject;
			attributes = {
				LastSwiftUpdateCheck = 0920;
				LastUpgradeCheck = 0920;
				ORGANIZATIONNAME = "Hsin-Ping Lin";
				TargetAttributes = {
					3BD5A58E2096E8CF00CAD030 = {
						CreatedOnToolsVersion = 9.2;
						ProvisioningStyle = Automatic;
					};
					3BD5A5A22096E8D000CAD030 = {
						CreatedOnToolsVersion = 9.2;
						ProvisioningStyle = Automatic;
						TestTargetID = 3BD5A58E2096E8CF00CAD030;
					};
					3BD5A5AD2096E8D000CAD030 = {
						CreatedOnToolsVersion = 9.2;
						ProvisioningStyle = Automatic;
						TestTargetID = 3BD5A58E2096E8CF00CAD030;
					};
				};
			};
			buildConfigurationList = 3BD5A58A2096E8CF00CAD030 /* Build configuration list for PBXProject "Pictory" */;
			compatibilityVersion = "Xcode 8.0";
			developmentRegion = en;
			hasScannedForEncodings = 0;
			knownRegions = (
				en,
				Base,
			);
			mainGroup = 3BD5A5862096E8CF00CAD030;
			productRefGroup = 3BD5A5902096E8CF00CAD030 /* Products */;
			projectDirPath = "";
			projectRoot = "";
			targets = (
				3BD5A58E2096E8CF00CAD030 /* Pictory */,
				3BD5A5A22096E8D000CAD030 /* PictoryTests */,
				3BD5A5AD2096E8D000CAD030 /* PictoryUITests */,
			);
		};
/* End PBXProject section */

/* Begin PBXResourcesBuildPhase section */
		3BD5A58D2096E8CF00CAD030 /* Resources */ = {
			isa = PBXResourcesBuildPhase;
			buildActionMask = 2147483647;
			files = (
				3BD5A59D2096E8CF00CAD030 /* LaunchScreen.storyboard in Resources */,
				3B0084E920AD793F00332E19 /* GoogleService-Info.plist in Resources */,
				3BD5A59A2096E8CF00CAD030 /* Assets.xcassets in Resources */,
				3BD5A5982096E8CF00CAD030 /* Main.storyboard in Resources */,
			);
			runOnlyForDeploymentPostprocessing = 0;
		};
		3BD5A5A12096E8D000CAD030 /* Resources */ = {
			isa = PBXResourcesBuildPhase;
			buildActionMask = 2147483647;
			files = (
			);
			runOnlyForDeploymentPostprocessing = 0;
		};
		3BD5A5AC2096E8D000CAD030 /* Resources */ = {
			isa = PBXResourcesBuildPhase;
			buildActionMask = 2147483647;
			files = (
			);
			runOnlyForDeploymentPostprocessing = 0;
		};
/* End PBXResourcesBuildPhase section */

/* Begin PBXShellScriptBuildPhase section */
		02DEE2E377F9F3DA5BCC65F0 /* [CP] Embed Pods Frameworks */ = {
			isa = PBXShellScriptBuildPhase;
			buildActionMask = 2147483647;
			files = (
			);
			inputPaths = (
				"${SRCROOT}/Pods/Target Support Files/Pods-Pictory/Pods-Pictory-frameworks.sh",
				"${BUILT_PRODUCTS_DIR}/GTMSessionFetcher/GTMSessionFetcher.framework",
				"${BUILT_PRODUCTS_DIR}/GoogleToolboxForMac/GoogleToolboxForMac.framework",
				"${BUILT_PRODUCTS_DIR}/JTAppleCalendar/JTAppleCalendar.framework",
				"${BUILT_PRODUCTS_DIR}/leveldb-library/leveldb.framework",
				"${BUILT_PRODUCTS_DIR}/nanopb/nanopb.framework",
			);
			name = "[CP] Embed Pods Frameworks";
			outputPaths = (
				"${TARGET_BUILD_DIR}/${FRAMEWORKS_FOLDER_PATH}/GTMSessionFetcher.framework",
				"${TARGET_BUILD_DIR}/${FRAMEWORKS_FOLDER_PATH}/GoogleToolboxForMac.framework",
				"${TARGET_BUILD_DIR}/${FRAMEWORKS_FOLDER_PATH}/JTAppleCalendar.framework",
				"${TARGET_BUILD_DIR}/${FRAMEWORKS_FOLDER_PATH}/leveldb.framework",
				"${TARGET_BUILD_DIR}/${FRAMEWORKS_FOLDER_PATH}/nanopb.framework",
			);
			runOnlyForDeploymentPostprocessing = 0;
			shellPath = /bin/sh;
			shellScript = "\"${SRCROOT}/Pods/Target Support Files/Pods-Pictory/Pods-Pictory-frameworks.sh\"\n";
			showEnvVarsInLog = 0;
		};
		088C06B8C2E74222C3A8E6FB /* [CP] Check Pods Manifest.lock */ = {
			isa = PBXShellScriptBuildPhase;
			buildActionMask = 2147483647;
			files = (
			);
			inputPaths = (
				"${PODS_PODFILE_DIR_PATH}/Podfile.lock",
				"${PODS_ROOT}/Manifest.lock",
			);
			name = "[CP] Check Pods Manifest.lock";
			outputPaths = (
				"$(DERIVED_FILE_DIR)/Pods-PictoryUITests-checkManifestLockResult.txt",
			);
			runOnlyForDeploymentPostprocessing = 0;
			shellPath = /bin/sh;
			shellScript = "diff \"${PODS_PODFILE_DIR_PATH}/Podfile.lock\" \"${PODS_ROOT}/Manifest.lock\" > /dev/null\nif [ $? != 0 ] ; then\n    # print error to STDERR\n    echo \"error: The sandbox is not in sync with the Podfile.lock. Run 'pod install' or update your CocoaPods installation.\" >&2\n    exit 1\nfi\n# This output is used by Xcode 'outputs' to avoid re-running this script phase.\necho \"SUCCESS\" > \"${SCRIPT_OUTPUT_FILE_0}\"\n";
			showEnvVarsInLog = 0;
		};
		561B311257CA74BD720AD810 /* [CP] Check Pods Manifest.lock */ = {
			isa = PBXShellScriptBuildPhase;
			buildActionMask = 2147483647;
			files = (
			);
			inputPaths = (
				"${PODS_PODFILE_DIR_PATH}/Podfile.lock",
				"${PODS_ROOT}/Manifest.lock",
			);
			name = "[CP] Check Pods Manifest.lock";
			outputPaths = (
				"$(DERIVED_FILE_DIR)/Pods-PictoryTests-checkManifestLockResult.txt",
			);
			runOnlyForDeploymentPostprocessing = 0;
			shellPath = /bin/sh;
			shellScript = "diff \"${PODS_PODFILE_DIR_PATH}/Podfile.lock\" \"${PODS_ROOT}/Manifest.lock\" > /dev/null\nif [ $? != 0 ] ; then\n    # print error to STDERR\n    echo \"error: The sandbox is not in sync with the Podfile.lock. Run 'pod install' or update your CocoaPods installation.\" >&2\n    exit 1\nfi\n# This output is used by Xcode 'outputs' to avoid re-running this script phase.\necho \"SUCCESS\" > \"${SCRIPT_OUTPUT_FILE_0}\"\n";
			showEnvVarsInLog = 0;
		};
		59865583A3AE8C28C286D9CC /* [CP] Check Pods Manifest.lock */ = {
			isa = PBXShellScriptBuildPhase;
			buildActionMask = 2147483647;
			files = (
			);
			inputPaths = (
				"${PODS_PODFILE_DIR_PATH}/Podfile.lock",
				"${PODS_ROOT}/Manifest.lock",
			);
			name = "[CP] Check Pods Manifest.lock";
			outputPaths = (
				"$(DERIVED_FILE_DIR)/Pods-Pictory-checkManifestLockResult.txt",
			);
			runOnlyForDeploymentPostprocessing = 0;
			shellPath = /bin/sh;
			shellScript = "diff \"${PODS_PODFILE_DIR_PATH}/Podfile.lock\" \"${PODS_ROOT}/Manifest.lock\" > /dev/null\nif [ $? != 0 ] ; then\n    # print error to STDERR\n    echo \"error: The sandbox is not in sync with the Podfile.lock. Run 'pod install' or update your CocoaPods installation.\" >&2\n    exit 1\nfi\n# This output is used by Xcode 'outputs' to avoid re-running this script phase.\necho \"SUCCESS\" > \"${SCRIPT_OUTPUT_FILE_0}\"\n";
			showEnvVarsInLog = 0;
		};
/* End PBXShellScriptBuildPhase section */

/* Begin PBXSourcesBuildPhase section */
		3BD5A58B2096E8CF00CAD030 /* Sources */ = {
			isa = PBXSourcesBuildPhase;
			buildActionMask = 2147483647;
			files = (
				3B9747C32099D6A0001E9799 /* CreateViewController.swift in Sources */,
				3B9747C72099D87E001E9799 /* JournalTableViewCell.swift in Sources */,
				3BD5A5932096E8CF00CAD030 /* AppDelegate.swift in Sources */,
				3B9747C9209C0636001E9799 /* JournalImage.swift in Sources */,
				3B0084E720AD733500332E19 /* AuthViewController.swift in Sources */,
				3B9747C12099D667001E9799 /* JournalTableViewController.swift in Sources */,
				3B9747C52099D6BB001E9799 /* JournalViewController.swift in Sources */,
				3BFF1CF120BAB0D500054289 /* AboutPageViewController.swift in Sources */,
				3B9747BF2099D522001E9799 /* Journal.swift in Sources */,
			);
			runOnlyForDeploymentPostprocessing = 0;
		};
		3BD5A59F2096E8D000CAD030 /* Sources */ = {
			isa = PBXSourcesBuildPhase;
			buildActionMask = 2147483647;
			files = (
				3BD5A5A82096E8D000CAD030 /* PictoryTests.swift in Sources */,
			);
			runOnlyForDeploymentPostprocessing = 0;
		};
		3BD5A5AA2096E8D000CAD030 /* Sources */ = {
			isa = PBXSourcesBuildPhase;
			buildActionMask = 2147483647;
			files = (
				3BD5A5B32096E8D000CAD030 /* PictoryUITests.swift in Sources */,
			);
			runOnlyForDeploymentPostprocessing = 0;
		};
/* End PBXSourcesBuildPhase section */

/* Begin PBXTargetDependency section */
		3BD5A5A52096E8D000CAD030 /* PBXTargetDependency */ = {
			isa = PBXTargetDependency;
			target = 3BD5A58E2096E8CF00CAD030 /* Pictory */;
			targetProxy = 3BD5A5A42096E8D000CAD030 /* PBXContainerItemProxy */;
		};
		3BD5A5B02096E8D000CAD030 /* PBXTargetDependency */ = {
			isa = PBXTargetDependency;
			target = 3BD5A58E2096E8CF00CAD030 /* Pictory */;
			targetProxy = 3BD5A5AF2096E8D000CAD030 /* PBXContainerItemProxy */;
		};
/* End PBXTargetDependency section */

/* Begin PBXVariantGroup section */
		3BD5A5962096E8CF00CAD030 /* Main.storyboard */ = {
			isa = PBXVariantGroup;
			children = (
				3BD5A5972096E8CF00CAD030 /* Base */,
			);
			name = Main.storyboard;
			sourceTree = "<group>";
		};
		3BD5A59B2096E8CF00CAD030 /* LaunchScreen.storyboard */ = {
			isa = PBXVariantGroup;
			children = (
				3BD5A59C2096E8CF00CAD030 /* Base */,
			);
			name = LaunchScreen.storyboard;
			sourceTree = "<group>";
		};
/* End PBXVariantGroup section */

/* Begin XCBuildConfiguration section */
		3BD5A5B52096E8D000CAD030 /* Debug */ = {
			isa = XCBuildConfiguration;
			buildSettings = {
				ALWAYS_SEARCH_USER_PATHS = NO;
				CLANG_ANALYZER_NONNULL = YES;
				CLANG_ANALYZER_NUMBER_OBJECT_CONVERSION = YES_AGGRESSIVE;
				CLANG_CXX_LANGUAGE_STANDARD = "gnu++14";
				CLANG_CXX_LIBRARY = "libc++";
				CLANG_ENABLE_MODULES = YES;
				CLANG_ENABLE_OBJC_ARC = YES;
				CLANG_WARN_BLOCK_CAPTURE_AUTORELEASING = YES;
				CLANG_WARN_BOOL_CONVERSION = YES;
				CLANG_WARN_COMMA = YES;
				CLANG_WARN_CONSTANT_CONVERSION = YES;
				CLANG_WARN_DIRECT_OBJC_ISA_USAGE = YES_ERROR;
				CLANG_WARN_DOCUMENTATION_COMMENTS = YES;
				CLANG_WARN_EMPTY_BODY = YES;
				CLANG_WARN_ENUM_CONVERSION = YES;
				CLANG_WARN_INFINITE_RECURSION = YES;
				CLANG_WARN_INT_CONVERSION = YES;
				CLANG_WARN_NON_LITERAL_NULL_CONVERSION = YES;
				CLANG_WARN_OBJC_LITERAL_CONVERSION = YES;
				CLANG_WARN_OBJC_ROOT_CLASS = YES_ERROR;
				CLANG_WARN_RANGE_LOOP_ANALYSIS = YES;
				CLANG_WARN_STRICT_PROTOTYPES = YES;
				CLANG_WARN_SUSPICIOUS_MOVE = YES;
				CLANG_WARN_UNGUARDED_AVAILABILITY = YES_AGGRESSIVE;
				CLANG_WARN_UNREACHABLE_CODE = YES;
				CLANG_WARN__DUPLICATE_METHOD_MATCH = YES;
				CODE_SIGN_IDENTITY = "iPhone Developer";
				COPY_PHASE_STRIP = NO;
				DEBUG_INFORMATION_FORMAT = dwarf;
				ENABLE_STRICT_OBJC_MSGSEND = YES;
				ENABLE_TESTABILITY = YES;
				GCC_C_LANGUAGE_STANDARD = gnu11;
				GCC_DYNAMIC_NO_PIC = NO;
				GCC_NO_COMMON_BLOCKS = YES;
				GCC_OPTIMIZATION_LEVEL = 0;
				GCC_PREPROCESSOR_DEFINITIONS = (
					"DEBUG=1",
					"$(inherited)",
				);
				GCC_WARN_64_TO_32_BIT_CONVERSION = YES;
				GCC_WARN_ABOUT_RETURN_TYPE = YES_ERROR;
				GCC_WARN_UNDECLARED_SELECTOR = YES;
				GCC_WARN_UNINITIALIZED_AUTOS = YES_AGGRESSIVE;
				GCC_WARN_UNUSED_FUNCTION = YES;
				GCC_WARN_UNUSED_VARIABLE = YES;
				IPHONEOS_DEPLOYMENT_TARGET = 11.2;
				MTL_ENABLE_DEBUG_INFO = YES;
				ONLY_ACTIVE_ARCH = YES;
				SDKROOT = iphoneos;
				SWIFT_ACTIVE_COMPILATION_CONDITIONS = DEBUG;
				SWIFT_OPTIMIZATION_LEVEL = "-Onone";
			};
			name = Debug;
		};
		3BD5A5B62096E8D000CAD030 /* Release */ = {
			isa = XCBuildConfiguration;
			buildSettings = {
				ALWAYS_SEARCH_USER_PATHS = NO;
				CLANG_ANALYZER_NONNULL = YES;
				CLANG_ANALYZER_NUMBER_OBJECT_CONVERSION = YES_AGGRESSIVE;
				CLANG_CXX_LANGUAGE_STANDARD = "gnu++14";
				CLANG_CXX_LIBRARY = "libc++";
				CLANG_ENABLE_MODULES = YES;
				CLANG_ENABLE_OBJC_ARC = YES;
				CLANG_WARN_BLOCK_CAPTURE_AUTORELEASING = YES;
				CLANG_WARN_BOOL_CONVERSION = YES;
				CLANG_WARN_COMMA = YES;
				CLANG_WARN_CONSTANT_CONVERSION = YES;
				CLANG_WARN_DIRECT_OBJC_ISA_USAGE = YES_ERROR;
				CLANG_WARN_DOCUMENTATION_COMMENTS = YES;
				CLANG_WARN_EMPTY_BODY = YES;
				CLANG_WARN_ENUM_CONVERSION = YES;
				CLANG_WARN_INFINITE_RECURSION = YES;
				CLANG_WARN_INT_CONVERSION = YES;
				CLANG_WARN_NON_LITERAL_NULL_CONVERSION = YES;
				CLANG_WARN_OBJC_LITERAL_CONVERSION = YES;
				CLANG_WARN_OBJC_ROOT_CLASS = YES_ERROR;
				CLANG_WARN_RANGE_LOOP_ANALYSIS = YES;
				CLANG_WARN_STRICT_PROTOTYPES = YES;
				CLANG_WARN_SUSPICIOUS_MOVE = YES;
				CLANG_WARN_UNGUARDED_AVAILABILITY = YES_AGGRESSIVE;
				CLANG_WARN_UNREACHABLE_CODE = YES;
				CLANG_WARN__DUPLICATE_METHOD_MATCH = YES;
				CODE_SIGN_IDENTITY = "iPhone Developer";
				COPY_PHASE_STRIP = NO;
				DEBUG_INFORMATION_FORMAT = "dwarf-with-dsym";
				ENABLE_NS_ASSERTIONS = NO;
				ENABLE_STRICT_OBJC_MSGSEND = YES;
				GCC_C_LANGUAGE_STANDARD = gnu11;
				GCC_NO_COMMON_BLOCKS = YES;
				GCC_WARN_64_TO_32_BIT_CONVERSION = YES;
				GCC_WARN_ABOUT_RETURN_TYPE = YES_ERROR;
				GCC_WARN_UNDECLARED_SELECTOR = YES;
				GCC_WARN_UNINITIALIZED_AUTOS = YES_AGGRESSIVE;
				GCC_WARN_UNUSED_FUNCTION = YES;
				GCC_WARN_UNUSED_VARIABLE = YES;
				IPHONEOS_DEPLOYMENT_TARGET = 11.2;
				MTL_ENABLE_DEBUG_INFO = NO;
				SDKROOT = iphoneos;
				SWIFT_OPTIMIZATION_LEVEL = "-Owholemodule";
				VALIDATE_PRODUCT = YES;
			};
			name = Release;
		};
		3BD5A5B82096E8D000CAD030 /* Debug */ = {
			isa = XCBuildConfiguration;
			baseConfigurationReference = 3B3C3C74DF6A942673EEEDCC /* Pods-Pictory.debug.xcconfig */;
			buildSettings = {
				ASSETCATALOG_COMPILER_APPICON_NAME = AppIcon;
				CODE_SIGN_STYLE = Automatic;
				INFOPLIST_FILE = Pictory/Info.plist;
				LD_RUNPATH_SEARCH_PATHS = "$(inherited) @executable_path/Frameworks";
				PRODUCT_BUNDLE_IDENTIFIER = moansh.Pictory;
				PRODUCT_NAME = "$(TARGET_NAME)";
				SWIFT_VERSION = 4.0;
				TARGETED_DEVICE_FAMILY = "1,2";
			};
			name = Debug;
		};
		3BD5A5B92096E8D000CAD030 /* Release */ = {
			isa = XCBuildConfiguration;
			baseConfigurationReference = B36B29DC3B155ED3D989D480 /* Pods-Pictory.release.xcconfig */;
			buildSettings = {
				ASSETCATALOG_COMPILER_APPICON_NAME = AppIcon;
				CODE_SIGN_STYLE = Automatic;
				INFOPLIST_FILE = Pictory/Info.plist;
				LD_RUNPATH_SEARCH_PATHS = "$(inherited) @executable_path/Frameworks";
				PRODUCT_BUNDLE_IDENTIFIER = moansh.Pictory;
				PRODUCT_NAME = "$(TARGET_NAME)";
				SWIFT_VERSION = 4.0;
				TARGETED_DEVICE_FAMILY = "1,2";
			};
			name = Release;
		};
		3BD5A5BB2096E8D000CAD030 /* Debug */ = {
			isa = XCBuildConfiguration;
			baseConfigurationReference = 7BF63C79BFF08691935A1247 /* Pods-PictoryTests.debug.xcconfig */;
			buildSettings = {
				ALWAYS_EMBED_SWIFT_STANDARD_LIBRARIES = YES;
				BUNDLE_LOADER = "$(TEST_HOST)";
				CODE_SIGN_STYLE = Automatic;
				INFOPLIST_FILE = PictoryTests/Info.plist;
				LD_RUNPATH_SEARCH_PATHS = "$(inherited) @executable_path/Frameworks @loader_path/Frameworks";
				PRODUCT_BUNDLE_IDENTIFIER = moansh.PictoryTests;
				PRODUCT_NAME = "$(TARGET_NAME)";
				SWIFT_VERSION = 4.0;
				TARGETED_DEVICE_FAMILY = "1,2";
				TEST_HOST = "$(BUILT_PRODUCTS_DIR)/Pictory.app/Pictory";
			};
			name = Debug;
		};
		3BD5A5BC2096E8D000CAD030 /* Release */ = {
			isa = XCBuildConfiguration;
			baseConfigurationReference = BDA1F9DE6A594EAA62DE8E93 /* Pods-PictoryTests.release.xcconfig */;
			buildSettings = {
				ALWAYS_EMBED_SWIFT_STANDARD_LIBRARIES = YES;
				BUNDLE_LOADER = "$(TEST_HOST)";
				CODE_SIGN_STYLE = Automatic;
				INFOPLIST_FILE = PictoryTests/Info.plist;
				LD_RUNPATH_SEARCH_PATHS = "$(inherited) @executable_path/Frameworks @loader_path/Frameworks";
				PRODUCT_BUNDLE_IDENTIFIER = moansh.PictoryTests;
				PRODUCT_NAME = "$(TARGET_NAME)";
				SWIFT_VERSION = 4.0;
				TARGETED_DEVICE_FAMILY = "1,2";
				TEST_HOST = "$(BUILT_PRODUCTS_DIR)/Pictory.app/Pictory";
			};
			name = Release;
		};
		3BD5A5BE2096E8D000CAD030 /* Debug */ = {
			isa = XCBuildConfiguration;
			baseConfigurationReference = 92B31C2E803CD36FBFBF83FF /* Pods-PictoryUITests.debug.xcconfig */;
			buildSettings = {
				ALWAYS_EMBED_SWIFT_STANDARD_LIBRARIES = YES;
				CODE_SIGN_STYLE = Automatic;
				INFOPLIST_FILE = PictoryUITests/Info.plist;
				LD_RUNPATH_SEARCH_PATHS = "$(inherited) @executable_path/Frameworks @loader_path/Frameworks";
				PRODUCT_BUNDLE_IDENTIFIER = moansh.PictoryUITests;
				PRODUCT_NAME = "$(TARGET_NAME)";
				SWIFT_VERSION = 4.0;
				TARGETED_DEVICE_FAMILY = "1,2";
				TEST_TARGET_NAME = Pictory;
			};
			name = Debug;
		};
		3BD5A5BF2096E8D000CAD030 /* Release */ = {
			isa = XCBuildConfiguration;
			baseConfigurationReference = D2481B6C96AAA1EACA9346C9 /* Pods-PictoryUITests.release.xcconfig */;
			buildSettings = {
				ALWAYS_EMBED_SWIFT_STANDARD_LIBRARIES = YES;
				CODE_SIGN_STYLE = Automatic;
				INFOPLIST_FILE = PictoryUITests/Info.plist;
				LD_RUNPATH_SEARCH_PATHS = "$(inherited) @executable_path/Frameworks @loader_path/Frameworks";
				PRODUCT_BUNDLE_IDENTIFIER = moansh.PictoryUITests;
				PRODUCT_NAME = "$(TARGET_NAME)";
				SWIFT_VERSION = 4.0;
				TARGETED_DEVICE_FAMILY = "1,2";
				TEST_TARGET_NAME = Pictory;
			};
			name = Release;
		};
/* End XCBuildConfiguration section */

/* Begin XCConfigurationList section */
		3BD5A58A2096E8CF00CAD030 /* Build configuration list for PBXProject "Pictory" */ = {
			isa = XCConfigurationList;
			buildConfigurations = (
				3BD5A5B52096E8D000CAD030 /* Debug */,
				3BD5A5B62096E8D000CAD030 /* Release */,
			);
			defaultConfigurationIsVisible = 0;
			defaultConfigurationName = Release;
		};
		3BD5A5B72096E8D000CAD030 /* Build configuration list for PBXNativeTarget "Pictory" */ = {
			isa = XCConfigurationList;
			buildConfigurations = (
				3BD5A5B82096E8D000CAD030 /* Debug */,
				3BD5A5B92096E8D000CAD030 /* Release */,
			);
			defaultConfigurationIsVisible = 0;
			defaultConfigurationName = Release;
		};
		3BD5A5BA2096E8D000CAD030 /* Build configuration list for PBXNativeTarget "PictoryTests" */ = {
			isa = XCConfigurationList;
			buildConfigurations = (
				3BD5A5BB2096E8D000CAD030 /* Debug */,
				3BD5A5BC2096E8D000CAD030 /* Release */,
			);
			defaultConfigurationIsVisible = 0;
			defaultConfigurationName = Release;
		};
		3BD5A5BD2096E8D000CAD030 /* Build configuration list for PBXNativeTarget "PictoryUITests" */ = {
			isa = XCConfigurationList;
			buildConfigurations = (
				3BD5A5BE2096E8D000CAD030 /* Debug */,
				3BD5A5BF2096E8D000CAD030 /* Release */,
			);
			defaultConfigurationIsVisible = 0;
			defaultConfigurationName = Release;
		};
/* End XCConfigurationList section */
	};
	rootObject = 3BD5A5872096E8CF00CAD030 /* Project object */;
}
